<?xml version="1.0" encoding="utf-8"?>
<Project ToolsVersion="17.0" xmlns="http://schemas.microsoft.com/developer/msbuild/2003">
  <ItemGroup>
    <ClCompile Include="C:\Users\HG\Desktop\SFML-2.6.1\src\SFML\Main\MainWin32.cpp">
      <Filter>Source Files</Filter>
    </ClCompile>
  </ItemGroup>
  <ItemGroup>
    <CustomBuild Include="C:\Users\HG\Desktop\SFML-2.6.1\src\SFML\Main\CMakeLists.txt" />
  </ItemGroup>
  <ItemGroup>
    <Filter Include="Source Files">
      <UniqueIdentifier>{AFE41724-37FC-3157-B798-34FC09939137}</UniqueIdentifier>
    </Filter>
  </ItemGroup>
</Project>
