
Microsoft Visual Studio Solution File, Format Version 12.00
# Visual Studio Version 17
Project("{2150E333-8FDC-42A3-9474-1A3956D46DE8}") = "CMake", "CMake", "{7705905A-7867-3A0A-9213-19EAFEDABD23}"
EndProject
Project("{2150E333-8FDC-42A3-9474-1A3956D46DE8}") = "SFML", "SFML", "{E34894D6-32A8-35D2-AD2F-8CAB30B4DD5F}"
EndProject
Project("{8BC9CEB8-8B4A-11D0-8D11-00A0C91BC942}") = "ALL_BUILD", "ALL_BUILD.vcxproj", "{2775E39D-8404-371B-BAFB-523D4A0C61FD}"
	ProjectSection(ProjectDependencies) = postProject
		{15BAF5DC-B01A-384F-BF10-6EB3EC37A264} = {15BAF5DC-B01A-384F-BF10-6EB3EC37A264}
		{BBC63529-E570-398E-9FDB-BE9C84706930} = {BBC63529-E570-398E-9FDB-BE9C84706930}
		{2DF9F9DE-BA67-36E6-8873-D144A2198FF5} = {2DF9F9DE-BA67-36E6-8873-D144A2198FF5}
		{7C3B3E12-AD53-306E-9AAD-070A29D25900} = {7C3B3E12-AD53-306E-9AAD-070A29D25900}
		{77B59BF6-0773-3520-A0C8-529E1AC0657F} = {77B59BF6-0773-3520-A0C8-529E1AC0657F}
		{603757C3-04D8-319A-AE43-A865CA0FF7C6} = {603757C3-04D8-319A-AE43-A865CA0FF7C6}
		{4D687BE2-131B-31B5-A5D2-0C7B67029D28} = {4D687BE2-131B-31B5-A5D2-0C7B67029D28}
	EndProjectSection
EndProject
Project("{8BC9CEB8-8B4A-11D0-8D11-00A0C91BC942}") = "INSTALL", "INSTALL.vcxproj", "{76AD219B-4A0A-3FE6-8597-15E41A9AD59D}"
	ProjectSection(ProjectDependencies) = postProject
		{2775E39D-8404-371B-BAFB-523D4A0C61FD} = {2775E39D-8404-371B-BAFB-523D4A0C61FD}
		{15BAF5DC-B01A-384F-BF10-6EB3EC37A264} = {15BAF5DC-B01A-384F-BF10-6EB3EC37A264}
	EndProjectSection
EndProject
Project("{8BC9CEB8-8B4A-11D0-8D11-00A0C91BC942}") = "PACKAGE", "PACKAGE.vcxproj", "{1AB5F16A-962C-3441-86C0-BC9FA386748E}"
	ProjectSection(ProjectDependencies) = postProject
		{2775E39D-8404-371B-BAFB-523D4A0C61FD} = {2775E39D-8404-371B-BAFB-523D4A0C61FD}
		{15BAF5DC-B01A-384F-BF10-6EB3EC37A264} = {15BAF5DC-B01A-384F-BF10-6EB3EC37A264}
	EndProjectSection
EndProject
Project("{8BC9CEB8-8B4A-11D0-8D11-00A0C91BC942}") = "ZERO_CHECK", "ZERO_CHECK.vcxproj", "{15BAF5DC-B01A-384F-BF10-6EB3EC37A264}"
	ProjectSection(ProjectDependencies) = postProject
	EndProjectSection
EndProject
Project("{8BC9CEB8-8B4A-11D0-8D11-00A0C91BC942}") = "sfml-audio", "src\SFML\Audio\sfml-audio.vcxproj", "{BBC63529-E570-398E-9FDB-BE9C84706930}"
	ProjectSection(ProjectDependencies) = postProject
		{15BAF5DC-B01A-384F-BF10-6EB3EC37A264} = {15BAF5DC-B01A-384F-BF10-6EB3EC37A264}
		{603757C3-04D8-319A-AE43-A865CA0FF7C6} = {603757C3-04D8-319A-AE43-A865CA0FF7C6}
	EndProjectSection
EndProject
Project("{8BC9CEB8-8B4A-11D0-8D11-00A0C91BC942}") = "sfml-graphics", "src\SFML\Graphics\sfml-graphics.vcxproj", "{2DF9F9DE-BA67-36E6-8873-D144A2198FF5}"
	ProjectSection(ProjectDependencies) = postProject
		{15BAF5DC-B01A-384F-BF10-6EB3EC37A264} = {15BAF5DC-B01A-384F-BF10-6EB3EC37A264}
		{603757C3-04D8-319A-AE43-A865CA0FF7C6} = {603757C3-04D8-319A-AE43-A865CA0FF7C6}
		{4D687BE2-131B-31B5-A5D2-0C7B67029D28} = {4D687BE2-131B-31B5-A5D2-0C7B67029D28}
	EndProjectSection
EndProject
Project("{8BC9CEB8-8B4A-11D0-8D11-00A0C91BC942}") = "sfml-main", "src\SFML\Main\sfml-main.vcxproj", "{7C3B3E12-AD53-306E-9AAD-070A29D25900}"
	ProjectSection(ProjectDependencies) = postProject
		{15BAF5DC-B01A-384F-BF10-6EB3EC37A264} = {15BAF5DC-B01A-384F-BF10-6EB3EC37A264}
	EndProjectSection
EndProject
Project("{8BC9CEB8-8B4A-11D0-8D11-00A0C91BC942}") = "sfml-network", "src\SFML\Network\sfml-network.vcxproj", "{77B59BF6-0773-3520-A0C8-529E1AC0657F}"
	ProjectSection(ProjectDependencies) = postProject
		{15BAF5DC-B01A-384F-BF10-6EB3EC37A264} = {15BAF5DC-B01A-384F-BF10-6EB3EC37A264}
		{603757C3-04D8-319A-AE43-A865CA0FF7C6} = {603757C3-04D8-319A-AE43-A865CA0FF7C6}
	EndProjectSection
EndProject
Project("{8BC9CEB8-8B4A-11D0-8D11-00A0C91BC942}") = "sfml-system", "src\SFML\System\sfml-system.vcxproj", "{603757C3-04D8-319A-AE43-A865CA0FF7C6}"
	ProjectSection(ProjectDependencies) = postProject
		{15BAF5DC-B01A-384F-BF10-6EB3EC37A264} = {15BAF5DC-B01A-384F-BF10-6EB3EC37A264}
	EndProjectSection
EndProject
Project("{8BC9CEB8-8B4A-11D0-8D11-00A0C91BC942}") = "sfml-window", "src\SFML\Window\sfml-window.vcxproj", "{4D687BE2-131B-31B5-A5D2-0C7B67029D28}"
	ProjectSection(ProjectDependencies) = postProject
		{15BAF5DC-B01A-384F-BF10-6EB3EC37A264} = {15BAF5DC-B01A-384F-BF10-6EB3EC37A264}
		{603757C3-04D8-319A-AE43-A865CA0FF7C6} = {603757C3-04D8-319A-AE43-A865CA0FF7C6}
	EndProjectSection
EndProject
Global
	GlobalSection(SolutionConfigurationPlatforms) = preSolution
		Debug|x64 = Debug|x64
		Release|x64 = Release|x64
		MinSizeRel|x64 = MinSizeRel|x64
		RelWithDebInfo|x64 = RelWithDebInfo|x64
	EndGlobalSection
	GlobalSection(ProjectConfigurationPlatforms) = postSolution
		{2775E39D-8404-371B-BAFB-523D4A0C61FD}.Debug|x64.ActiveCfg = Debug|x64
		{2775E39D-8404-371B-BAFB-523D4A0C61FD}.Debug|x64.Build.0 = Debug|x64
		{2775E39D-8404-371B-BAFB-523D4A0C61FD}.Release|x64.ActiveCfg = Release|x64
		{2775E39D-8404-371B-BAFB-523D4A0C61FD}.Release|x64.Build.0 = Release|x64
		{2775E39D-8404-371B-BAFB-523D4A0C61FD}.MinSizeRel|x64.ActiveCfg = MinSizeRel|x64
		{2775E39D-8404-371B-BAFB-523D4A0C61FD}.MinSizeRel|x64.Build.0 = MinSizeRel|x64
		{2775E39D-8404-371B-BAFB-523D4A0C61FD}.RelWithDebInfo|x64.ActiveCfg = RelWithDebInfo|x64
		{2775E39D-8404-371B-BAFB-523D4A0C61FD}.RelWithDebInfo|x64.Build.0 = RelWithDebInfo|x64
		{76AD219B-4A0A-3FE6-8597-15E41A9AD59D}.Debug|x64.ActiveCfg = Debug|x64
		{76AD219B-4A0A-3FE6-8597-15E41A9AD59D}.Release|x64.ActiveCfg = Release|x64
		{76AD219B-4A0A-3FE6-8597-15E41A9AD59D}.MinSizeRel|x64.ActiveCfg = MinSizeRel|x64
		{76AD219B-4A0A-3FE6-8597-15E41A9AD59D}.RelWithDebInfo|x64.ActiveCfg = RelWithDebInfo|x64
		{1AB5F16A-962C-3441-86C0-BC9FA386748E}.Debug|x64.ActiveCfg = Debug|x64
		{1AB5F16A-962C-3441-86C0-BC9FA386748E}.Release|x64.ActiveCfg = Release|x64
		{1AB5F16A-962C-3441-86C0-BC9FA386748E}.MinSizeRel|x64.ActiveCfg = MinSizeRel|x64
		{1AB5F16A-962C-3441-86C0-BC9FA386748E}.RelWithDebInfo|x64.ActiveCfg = RelWithDebInfo|x64
		{15BAF5DC-B01A-384F-BF10-6EB3EC37A264}.Debug|x64.ActiveCfg = Debug|x64
		{15BAF5DC-B01A-384F-BF10-6EB3EC37A264}.Debug|x64.Build.0 = Debug|x64
		{15BAF5DC-B01A-384F-BF10-6EB3EC37A264}.Release|x64.ActiveCfg = Release|x64
		{15BAF5DC-B01A-384F-BF10-6EB3EC37A264}.Release|x64.Build.0 = Release|x64
		{15BAF5DC-B01A-384F-BF10-6EB3EC37A264}.MinSizeRel|x64.ActiveCfg = MinSizeRel|x64
		{15BAF5DC-B01A-384F-BF10-6EB3EC37A264}.MinSizeRel|x64.Build.0 = MinSizeRel|x64
		{15BAF5DC-B01A-384F-BF10-6EB3EC37A264}.RelWithDebInfo|x64.ActiveCfg = RelWithDebInfo|x64
		{15BAF5DC-B01A-384F-BF10-6EB3EC37A264}.RelWithDebInfo|x64.Build.0 = RelWithDebInfo|x64
		{BBC63529-E570-398E-9FDB-BE9C84706930}.Debug|x64.ActiveCfg = Debug|x64
		{BBC63529-E570-398E-9FDB-BE9C84706930}.Debug|x64.Build.0 = Debug|x64
		{BBC63529-E570-398E-9FDB-BE9C84706930}.Release|x64.ActiveCfg = Release|x64
		{BBC63529-E570-398E-9FDB-BE9C84706930}.Release|x64.Build.0 = Release|x64
		{BBC63529-E570-398E-9FDB-BE9C84706930}.MinSizeRel|x64.ActiveCfg = MinSizeRel|x64
		{BBC63529-E570-398E-9FDB-BE9C84706930}.MinSizeRel|x64.Build.0 = MinSizeRel|x64
		{BBC63529-E570-398E-9FDB-BE9C84706930}.RelWithDebInfo|x64.ActiveCfg = RelWithDebInfo|x64
		{BBC63529-E570-398E-9FDB-BE9C84706930}.RelWithDebInfo|x64.Build.0 = RelWithDebInfo|x64
		{2DF9F9DE-BA67-36E6-8873-D144A2198FF5}.Debug|x64.ActiveCfg = Debug|x64
		{2DF9F9DE-BA67-36E6-8873-D144A2198FF5}.Debug|x64.Build.0 = Debug|x64
		{2DF9F9DE-BA67-36E6-8873-D144A2198FF5}.Release|x64.ActiveCfg = Release|x64
		{2DF9F9DE-BA67-36E6-8873-D144A2198FF5}.Release|x64.Build.0 = Release|x64
		{2DF9F9DE-BA67-36E6-8873-D144A2198FF5}.MinSizeRel|x64.ActiveCfg = MinSizeRel|x64
		{2DF9F9DE-BA67-36E6-8873-D144A2198FF5}.MinSizeRel|x64.Build.0 = MinSizeRel|x64
		{2DF9F9DE-BA67-36E6-8873-D144A2198FF5}.RelWithDebInfo|x64.ActiveCfg = RelWithDebInfo|x64
		{2DF9F9DE-BA67-36E6-8873-D144A2198FF5}.RelWithDebInfo|x64.Build.0 = RelWithDebInfo|x64
		{7C3B3E12-AD53-306E-9AAD-070A29D25900}.Debug|x64.ActiveCfg = Debug|x64
		{7C3B3E12-AD53-306E-9AAD-070A29D25900}.Debug|x64.Build.0 = Debug|x64
		{7C3B3E12-AD53-306E-9AAD-070A29D25900}.Release|x64.ActiveCfg = Release|x64
		{7C3B3E12-AD53-306E-9AAD-070A29D25900}.Release|x64.Build.0 = Release|x64
		{7C3B3E12-AD53-306E-9AAD-070A29D25900}.MinSizeRel|x64.ActiveCfg = MinSizeRel|x64
		{7C3B3E12-AD53-306E-9AAD-070A29D25900}.MinSizeRel|x64.Build.0 = MinSizeRel|x64
		{7C3B3E12-AD53-306E-9AAD-070A29D25900}.RelWithDebInfo|x64.ActiveCfg = RelWithDebInfo|x64
		{7C3B3E12-AD53-306E-9AAD-070A29D25900}.RelWithDebInfo|x64.Build.0 = RelWithDebInfo|x64
		{77B59BF6-0773-3520-A0C8-529E1AC0657F}.Debug|x64.ActiveCfg = Debug|x64
		{77B59BF6-0773-3520-A0C8-529E1AC0657F}.Debug|x64.Build.0 = Debug|x64
		{77B59BF6-0773-3520-A0C8-529E1AC0657F}.Release|x64.ActiveCfg = Release|x64
		{77B59BF6-0773-3520-A0C8-529E1AC0657F}.Release|x64.Build.0 = Release|x64
		{77B59BF6-0773-3520-A0C8-529E1AC0657F}.MinSizeRel|x64.ActiveCfg = MinSizeRel|x64
		{77B59BF6-0773-3520-A0C8-529E1AC0657F}.MinSizeRel|x64.Build.0 = MinSizeRel|x64
		{77B59BF6-0773-3520-A0C8-529E1AC0657F}.RelWithDebInfo|x64.ActiveCfg = RelWithDebInfo|x64
		{77B59BF6-0773-3520-A0C8-529E1AC0657F}.RelWithDebInfo|x64.Build.0 = RelWithDebInfo|x64
		{603757C3-04D8-319A-AE43-A865CA0FF7C6}.Debug|x64.ActiveCfg = Debug|x64
		{603757C3-04D8-319A-AE43-A865CA0FF7C6}.Debug|x64.Build.0 = Debug|x64
		{603757C3-04D8-319A-AE43-A865CA0FF7C6}.Release|x64.ActiveCfg = Release|x64
		{603757C3-04D8-319A-AE43-A865CA0FF7C6}.Release|x64.Build.0 = Release|x64
		{603757C3-04D8-319A-AE43-A865CA0FF7C6}.MinSizeRel|x64.ActiveCfg = MinSizeRel|x64
		{603757C3-04D8-319A-AE43-A865CA0FF7C6}.MinSizeRel|x64.Build.0 = MinSizeRel|x64
		{603757C3-04D8-319A-AE43-A865CA0FF7C6}.RelWithDebInfo|x64.ActiveCfg = RelWithDebInfo|x64
		{603757C3-04D8-319A-AE43-A865CA0FF7C6}.RelWithDebInfo|x64.Build.0 = RelWithDebInfo|x64
		{4D687BE2-131B-31B5-A5D2-0C7B67029D28}.Debug|x64.ActiveCfg = Debug|x64
		{4D687BE2-131B-31B5-A5D2-0C7B67029D28}.Debug|x64.Build.0 = Debug|x64
		{4D687BE2-131B-31B5-A5D2-0C7B67029D28}.Release|x64.ActiveCfg = Release|x64
		{4D687BE2-131B-31B5-A5D2-0C7B67029D28}.Release|x64.Build.0 = Release|x64
		{4D687BE2-131B-31B5-A5D2-0C7B67029D28}.MinSizeRel|x64.ActiveCfg = MinSizeRel|x64
		{4D687BE2-131B-31B5-A5D2-0C7B67029D28}.MinSizeRel|x64.Build.0 = MinSizeRel|x64
		{4D687BE2-131B-31B5-A5D2-0C7B67029D28}.RelWithDebInfo|x64.ActiveCfg = RelWithDebInfo|x64
		{4D687BE2-131B-31B5-A5D2-0C7B67029D28}.RelWithDebInfo|x64.Build.0 = RelWithDebInfo|x64
	EndGlobalSection
	GlobalSection(NestedProjects) = preSolution
		{2775E39D-8404-371B-BAFB-523D4A0C61FD} = {7705905A-7867-3A0A-9213-19EAFEDABD23}
		{76AD219B-4A0A-3FE6-8597-15E41A9AD59D} = {7705905A-7867-3A0A-9213-19EAFEDABD23}
		{1AB5F16A-962C-3441-86C0-BC9FA386748E} = {7705905A-7867-3A0A-9213-19EAFEDABD23}
		{15BAF5DC-B01A-384F-BF10-6EB3EC37A264} = {7705905A-7867-3A0A-9213-19EAFEDABD23}
		{BBC63529-E570-398E-9FDB-BE9C84706930} = {E34894D6-32A8-35D2-AD2F-8CAB30B4DD5F}
		{2DF9F9DE-BA67-36E6-8873-D144A2198FF5} = {E34894D6-32A8-35D2-AD2F-8CAB30B4DD5F}
		{7C3B3E12-AD53-306E-9AAD-070A29D25900} = {E34894D6-32A8-35D2-AD2F-8CAB30B4DD5F}
		{77B59BF6-0773-3520-A0C8-529E1AC0657F} = {E34894D6-32A8-35D2-AD2F-8CAB30B4DD5F}
		{603757C3-04D8-319A-AE43-A865CA0FF7C6} = {E34894D6-32A8-35D2-AD2F-8CAB30B4DD5F}
		{4D687BE2-131B-31B5-A5D2-0C7B67029D28} = {E34894D6-32A8-35D2-AD2F-8CAB30B4DD5F}
	EndGlobalSection
	GlobalSection(ExtensibilityGlobals) = postSolution
		SolutionGuid = {062B760C-429A-368A-9D2A-7081EE87FE54}
	EndGlobalSection
	GlobalSection(ExtensibilityAddIns) = postSolution
	EndGlobalSection
EndGlobal
